
Microsoft Visual Studio Solution File, Format Version 12.00
# Visual Studio Version 16
VisualStudioVersion = 16.0.30907.101
MinimumVisualStudioVersion = 10.0.40219.1
Project("{FAE04EC0-301F-11D3-BF4B-00C04F79EFBC}") = "pkarcmd_VC", "pkarcmd_VC\pkarcmd_VC.csproj", "{98C3555B-E125-4563-88AF-6D9D2D017096}"
EndProject
Project("{F184B08F-C81C-45F6-A57F-5ABD9991F28F}") = "pkarDebug", "pkarDebug\pkarDebug.vbproj", "{4A9D5BCB-B73D-40DF-9452-6C9AAEA574B3}"
EndProject
Project("{F184B08F-C81C-45F6-A57F-5ABD9991F28F}") = "ConsoleVB", "ConsoleVB\ConsoleVB.vbproj", "{9E089789-1217-4635-B3ED-1ECC065B22FB}"
EndProject
Project("{F184B08F-C81C-45F6-A57F-5ABD9991F28F}") = "pkarcmd", "pkarcmd\pkarcmd.vbproj", "{6653D7AC-0A7D-4FB4-9483-BCC88F38DE57}"
EndProject
Project("{F184B08F-C81C-45F6-A57F-5ABD9991F28F}") = "pkcmd", "pkcmd\pkcmd.vbproj", "{9B2DEAE7-D001-493C-A776-0367C90BB56C}"
EndProject
Global
	GlobalSection(SolutionConfigurationPlatforms) = preSolution
		Debug|Any CPU = Debug|Any CPU
		Debug|ARM = Debug|ARM
		Debug|ARM64 = Debug|ARM64
		Debug|x64 = Debug|x64
		Debug|x86 = Debug|x86
		Release|Any CPU = Release|Any CPU
		Release|ARM = Release|ARM
		Release|ARM64 = Release|ARM64
		Release|x64 = Release|x64
		Release|x86 = Release|x86
	EndGlobalSection
	GlobalSection(ProjectConfigurationPlatforms) = postSolution
		{98C3555B-E125-4563-88AF-6D9D2D017096}.Debug|Any CPU.ActiveCfg = Debug|x86
		{98C3555B-E125-4563-88AF-6D9D2D017096}.Debug|ARM.ActiveCfg = Debug|ARM
		{98C3555B-E125-4563-88AF-6D9D2D017096}.Debug|ARM.Build.0 = Debug|ARM
		{98C3555B-E125-4563-88AF-6D9D2D017096}.Debug|ARM.Deploy.0 = Debug|ARM
		{98C3555B-E125-4563-88AF-6D9D2D017096}.Debug|ARM64.ActiveCfg = Debug|x86
		{98C3555B-E125-4563-88AF-6D9D2D017096}.Debug|x64.ActiveCfg = Debug|x64
		{98C3555B-E125-4563-88AF-6D9D2D017096}.Debug|x64.Build.0 = Debug|x64
		{98C3555B-E125-4563-88AF-6D9D2D017096}.Debug|x64.Deploy.0 = Debug|x64
		{98C3555B-E125-4563-88AF-6D9D2D017096}.Debug|x86.ActiveCfg = Debug|x86
		{98C3555B-E125-4563-88AF-6D9D2D017096}.Debug|x86.Build.0 = Debug|x86
		{98C3555B-E125-4563-88AF-6D9D2D017096}.Debug|x86.Deploy.0 = Debug|x86
		{98C3555B-E125-4563-88AF-6D9D2D017096}.Release|Any CPU.ActiveCfg = Release|x86
		{98C3555B-E125-4563-88AF-6D9D2D017096}.Release|ARM.ActiveCfg = Release|ARM
		{98C3555B-E125-4563-88AF-6D9D2D017096}.Release|ARM.Build.0 = Release|ARM
		{98C3555B-E125-4563-88AF-6D9D2D017096}.Release|ARM.Deploy.0 = Release|ARM
		{98C3555B-E125-4563-88AF-6D9D2D017096}.Release|ARM64.ActiveCfg = Release|x86
		{98C3555B-E125-4563-88AF-6D9D2D017096}.Release|x64.ActiveCfg = Release|x64
		{98C3555B-E125-4563-88AF-6D9D2D017096}.Release|x64.Build.0 = Release|x64
		{98C3555B-E125-4563-88AF-6D9D2D017096}.Release|x64.Deploy.0 = Release|x64
		{98C3555B-E125-4563-88AF-6D9D2D017096}.Release|x86.ActiveCfg = Release|x86
		{98C3555B-E125-4563-88AF-6D9D2D017096}.Release|x86.Build.0 = Release|x86
		{98C3555B-E125-4563-88AF-6D9D2D017096}.Release|x86.Deploy.0 = Release|x86
		{4A9D5BCB-B73D-40DF-9452-6C9AAEA574B3}.Debug|Any CPU.ActiveCfg = Debug|x86
		{4A9D5BCB-B73D-40DF-9452-6C9AAEA574B3}.Debug|ARM.ActiveCfg = Debug|ARM
		{4A9D5BCB-B73D-40DF-9452-6C9AAEA574B3}.Debug|ARM.Build.0 = Debug|ARM
		{4A9D5BCB-B73D-40DF-9452-6C9AAEA574B3}.Debug|ARM.Deploy.0 = Debug|ARM
		{4A9D5BCB-B73D-40DF-9452-6C9AAEA574B3}.Debug|ARM64.ActiveCfg = Debug|ARM64
		{4A9D5BCB-B73D-40DF-9452-6C9AAEA574B3}.Debug|ARM64.Build.0 = Debug|ARM64
		{4A9D5BCB-B73D-40DF-9452-6C9AAEA574B3}.Debug|ARM64.Deploy.0 = Debug|ARM64
		{4A9D5BCB-B73D-40DF-9452-6C9AAEA574B3}.Debug|x64.ActiveCfg = Debug|x64
		{4A9D5BCB-B73D-40DF-9452-6C9AAEA574B3}.Debug|x64.Build.0 = Debug|x64
		{4A9D5BCB-B73D-40DF-9452-6C9AAEA574B3}.Debug|x64.Deploy.0 = Debug|x64
		{4A9D5BCB-B73D-40DF-9452-6C9AAEA574B3}.Debug|x86.ActiveCfg = Debug|x86
		{4A9D5BCB-B73D-40DF-9452-6C9AAEA574B3}.Debug|x86.Build.0 = Debug|x86
		{4A9D5BCB-B73D-40DF-9452-6C9AAEA574B3}.Debug|x86.Deploy.0 = Debug|x86
		{4A9D5BCB-B73D-40DF-9452-6C9AAEA574B3}.Release|Any CPU.ActiveCfg = Release|x86
		{4A9D5BCB-B73D-40DF-9452-6C9AAEA574B3}.Release|ARM.ActiveCfg = Release|ARM
		{4A9D5BCB-B73D-40DF-9452-6C9AAEA574B3}.Release|ARM.Build.0 = Release|ARM
		{4A9D5BCB-B73D-40DF-9452-6C9AAEA574B3}.Release|ARM.Deploy.0 = Release|ARM
		{4A9D5BCB-B73D-40DF-9452-6C9AAEA574B3}.Release|ARM64.ActiveCfg = Release|ARM64
		{4A9D5BCB-B73D-40DF-9452-6C9AAEA574B3}.Release|ARM64.Build.0 = Release|ARM64
		{4A9D5BCB-B73D-40DF-9452-6C9AAEA574B3}.Release|ARM64.Deploy.0 = Release|ARM64
		{4A9D5BCB-B73D-40DF-9452-6C9AAEA574B3}.Release|x64.ActiveCfg = Release|x64
		{4A9D5BCB-B73D-40DF-9452-6C9AAEA574B3}.Release|x64.Build.0 = Release|x64
		{4A9D5BCB-B73D-40DF-9452-6C9AAEA574B3}.Release|x64.Deploy.0 = Release|x64
		{4A9D5BCB-B73D-40DF-9452-6C9AAEA574B3}.Release|x86.ActiveCfg = Release|x86
		{4A9D5BCB-B73D-40DF-9452-6C9AAEA574B3}.Release|x86.Build.0 = Release|x86
		{4A9D5BCB-B73D-40DF-9452-6C9AAEA574B3}.Release|x86.Deploy.0 = Release|x86
		{C0EFE735-38C5-4B74-AABA-C90CA98D143A}.Debug|Any CPU.ActiveCfg = Debug|x86
		{C0EFE735-38C5-4B74-AABA-C90CA98D143A}.Debug|ARM.ActiveCfg = Debug|ARM
		{C0EFE735-38C5-4B74-AABA-C90CA98D143A}.Debug|ARM.Build.0 = Debug|ARM
		{C0EFE735-38C5-4B74-AABA-C90CA98D143A}.Debug|ARM.Deploy.0 = Debug|ARM
		{C0EFE735-38C5-4B74-AABA-C90CA98D143A}.Debug|ARM64.ActiveCfg = Debug|ARM64
		{C0EFE735-38C5-4B74-AABA-C90CA98D143A}.Debug|ARM64.Build.0 = Debug|ARM64
		{C0EFE735-38C5-4B74-AABA-C90CA98D143A}.Debug|ARM64.Deploy.0 = Debug|ARM64
		{C0EFE735-38C5-4B74-AABA-C90CA98D143A}.Debug|x64.ActiveCfg = Debug|x64
		{C0EFE735-38C5-4B74-AABA-C90CA98D143A}.Debug|x64.Build.0 = Debug|x64
		{C0EFE735-38C5-4B74-AABA-C90CA98D143A}.Debug|x64.Deploy.0 = Debug|x64
		{C0EFE735-38C5-4B74-AABA-C90CA98D143A}.Debug|x86.ActiveCfg = Debug|x86
		{C0EFE735-38C5-4B74-AABA-C90CA98D143A}.Debug|x86.Build.0 = Debug|x86
		{C0EFE735-38C5-4B74-AABA-C90CA98D143A}.Debug|x86.Deploy.0 = Debug|x86
		{C0EFE735-38C5-4B74-AABA-C90CA98D143A}.Release|Any CPU.ActiveCfg = Release|x86
		{C0EFE735-38C5-4B74-AABA-C90CA98D143A}.Release|ARM.ActiveCfg = Release|ARM
		{C0EFE735-38C5-4B74-AABA-C90CA98D143A}.Release|ARM.Build.0 = Release|ARM
		{C0EFE735-38C5-4B74-AABA-C90CA98D143A}.Release|ARM.Deploy.0 = Release|ARM
		{C0EFE735-38C5-4B74-AABA-C90CA98D143A}.Release|ARM64.ActiveCfg = Release|ARM64
		{C0EFE735-38C5-4B74-AABA-C90CA98D143A}.Release|ARM64.Build.0 = Release|ARM64
		{C0EFE735-38C5-4B74-AABA-C90CA98D143A}.Release|ARM64.Deploy.0 = Release|ARM64
		{C0EFE735-38C5-4B74-AABA-C90CA98D143A}.Release|x64.ActiveCfg = Release|x64
		{C0EFE735-38C5-4B74-AABA-C90CA98D143A}.Release|x64.Build.0 = Release|x64
		{C0EFE735-38C5-4B74-AABA-C90CA98D143A}.Release|x64.Deploy.0 = Release|x64
		{C0EFE735-38C5-4B74-AABA-C90CA98D143A}.Release|x86.ActiveCfg = Release|x86
		{C0EFE735-38C5-4B74-AABA-C90CA98D143A}.Release|x86.Build.0 = Release|x86
		{C0EFE735-38C5-4B74-AABA-C90CA98D143A}.Release|x86.Deploy.0 = Release|x86
		{9E089789-1217-4635-B3ED-1ECC065B22FB}.Debug|Any CPU.ActiveCfg = Debug|x86
		{9E089789-1217-4635-B3ED-1ECC065B22FB}.Debug|ARM.ActiveCfg = Debug|ARM
		{9E089789-1217-4635-B3ED-1ECC065B22FB}.Debug|ARM.Build.0 = Debug|ARM
		{9E089789-1217-4635-B3ED-1ECC065B22FB}.Debug|ARM.Deploy.0 = Debug|ARM
		{9E089789-1217-4635-B3ED-1ECC065B22FB}.Debug|ARM64.ActiveCfg = Debug|ARM64
		{9E089789-1217-4635-B3ED-1ECC065B22FB}.Debug|ARM64.Build.0 = Debug|ARM64
		{9E089789-1217-4635-B3ED-1ECC065B22FB}.Debug|ARM64.Deploy.0 = Debug|ARM64
		{9E089789-1217-4635-B3ED-1ECC065B22FB}.Debug|x64.ActiveCfg = Debug|x64
		{9E089789-1217-4635-B3ED-1ECC065B22FB}.Debug|x64.Build.0 = Debug|x64
		{9E089789-1217-4635-B3ED-1ECC065B22FB}.Debug|x64.Deploy.0 = Debug|x64
		{9E089789-1217-4635-B3ED-1ECC065B22FB}.Debug|x86.ActiveCfg = Debug|x86
		{9E089789-1217-4635-B3ED-1ECC065B22FB}.Debug|x86.Build.0 = Debug|x86
		{9E089789-1217-4635-B3ED-1ECC065B22FB}.Debug|x86.Deploy.0 = Debug|x86
		{9E089789-1217-4635-B3ED-1ECC065B22FB}.Release|Any CPU.ActiveCfg = Release|x86
		{9E089789-1217-4635-B3ED-1ECC065B22FB}.Release|ARM.ActiveCfg = Release|ARM
		{9E089789-1217-4635-B3ED-1ECC065B22FB}.Release|ARM.Build.0 = Release|ARM
		{9E089789-1217-4635-B3ED-1ECC065B22FB}.Release|ARM.Deploy.0 = Release|ARM
		{9E089789-1217-4635-B3ED-1ECC065B22FB}.Release|ARM64.ActiveCfg = Release|ARM64
		{9E089789-1217-4635-B3ED-1ECC065B22FB}.Release|ARM64.Build.0 = Release|ARM64
		{9E089789-1217-4635-B3ED-1ECC065B22FB}.Release|ARM64.Deploy.0 = Release|ARM64
		{9E089789-1217-4635-B3ED-1ECC065B22FB}.Release|x64.ActiveCfg = Release|x64
		{9E089789-1217-4635-B3ED-1ECC065B22FB}.Release|x64.Build.0 = Release|x64
		{9E089789-1217-4635-B3ED-1ECC065B22FB}.Release|x64.Deploy.0 = Release|x64
		{9E089789-1217-4635-B3ED-1ECC065B22FB}.Release|x86.ActiveCfg = Release|x86
		{9E089789-1217-4635-B3ED-1ECC065B22FB}.Release|x86.Build.0 = Release|x86
		{9E089789-1217-4635-B3ED-1ECC065B22FB}.Release|x86.Deploy.0 = Release|x86
		{6653D7AC-0A7D-4FB4-9483-BCC88F38DE57}.Debug|Any CPU.ActiveCfg = Debug|x86
		{6653D7AC-0A7D-4FB4-9483-BCC88F38DE57}.Debug|ARM.ActiveCfg = Debug|ARM
		{6653D7AC-0A7D-4FB4-9483-BCC88F38DE57}.Debug|ARM.Build.0 = Debug|ARM
		{6653D7AC-0A7D-4FB4-9483-BCC88F38DE57}.Debug|ARM.Deploy.0 = Debug|ARM
		{6653D7AC-0A7D-4FB4-9483-BCC88F38DE57}.Debug|ARM64.ActiveCfg = Debug|ARM64
		{6653D7AC-0A7D-4FB4-9483-BCC88F38DE57}.Debug|ARM64.Build.0 = Debug|ARM64
		{6653D7AC-0A7D-4FB4-9483-BCC88F38DE57}.Debug|ARM64.Deploy.0 = Debug|ARM64
		{6653D7AC-0A7D-4FB4-9483-BCC88F38DE57}.Debug|x64.ActiveCfg = Debug|x64
		{6653D7AC-0A7D-4FB4-9483-BCC88F38DE57}.Debug|x64.Build.0 = Debug|x64
		{6653D7AC-0A7D-4FB4-9483-BCC88F38DE57}.Debug|x64.Deploy.0 = Debug|x64
		{6653D7AC-0A7D-4FB4-9483-BCC88F38DE57}.Debug|x86.ActiveCfg = Debug|x86
		{6653D7AC-0A7D-4FB4-9483-BCC88F38DE57}.Debug|x86.Build.0 = Debug|x86
		{6653D7AC-0A7D-4FB4-9483-BCC88F38DE57}.Debug|x86.Deploy.0 = Debug|x86
		{6653D7AC-0A7D-4FB4-9483-BCC88F38DE57}.Release|Any CPU.ActiveCfg = Release|x86
		{6653D7AC-0A7D-4FB4-9483-BCC88F38DE57}.Release|ARM.ActiveCfg = Release|ARM
		{6653D7AC-0A7D-4FB4-9483-BCC88F38DE57}.Release|ARM.Build.0 = Release|ARM
		{6653D7AC-0A7D-4FB4-9483-BCC88F38DE57}.Release|ARM.Deploy.0 = Release|ARM
		{6653D7AC-0A7D-4FB4-9483-BCC88F38DE57}.Release|ARM64.ActiveCfg = Release|ARM64
		{6653D7AC-0A7D-4FB4-9483-BCC88F38DE57}.Release|ARM64.Build.0 = Release|ARM64
		{6653D7AC-0A7D-4FB4-9483-BCC88F38DE57}.Release|ARM64.Deploy.0 = Release|ARM64
		{6653D7AC-0A7D-4FB4-9483-BCC88F38DE57}.Release|x64.ActiveCfg = Release|x64
		{6653D7AC-0A7D-4FB4-9483-BCC88F38DE57}.Release|x64.Build.0 = Release|x64
		{6653D7AC-0A7D-4FB4-9483-BCC88F38DE57}.Release|x64.Deploy.0 = Release|x64
		{6653D7AC-0A7D-4FB4-9483-BCC88F38DE57}.Release|x86.ActiveCfg = Release|x86
		{6653D7AC-0A7D-4FB4-9483-BCC88F38DE57}.Release|x86.Build.0 = Release|x86
		{6653D7AC-0A7D-4FB4-9483-BCC88F38DE57}.Release|x86.Deploy.0 = Release|x86
		{9B2DEAE7-D001-493C-A776-0367C90BB56C}.Debug|Any CPU.ActiveCfg = Debug|Any CPU
		{9B2DEAE7-D001-493C-A776-0367C90BB56C}.Debug|Any CPU.Build.0 = Debug|Any CPU
		{9B2DEAE7-D001-493C-A776-0367C90BB56C}.Debug|ARM.ActiveCfg = Debug|Any CPU
		{9B2DEAE7-D001-493C-A776-0367C90BB56C}.Debug|ARM.Build.0 = Debug|Any CPU
		{9B2DEAE7-D001-493C-A776-0367C90BB56C}.Debug|ARM64.ActiveCfg = Debug|Any CPU
		{9B2DEAE7-D001-493C-A776-0367C90BB56C}.Debug|ARM64.Build.0 = Debug|Any CPU
		{9B2DEAE7-D001-493C-A776-0367C90BB56C}.Debug|x64.ActiveCfg = Debug|Any CPU
		{9B2DEAE7-D001-493C-A776-0367C90BB56C}.Debug|x64.Build.0 = Debug|Any CPU
		{9B2DEAE7-D001-493C-A776-0367C90BB56C}.Debug|x86.ActiveCfg = Debug|Any CPU
		{9B2DEAE7-D001-493C-A776-0367C90BB56C}.Debug|x86.Build.0 = Debug|Any CPU
		{9B2DEAE7-D001-493C-A776-0367C90BB56C}.Release|Any CPU.ActiveCfg = Release|Any CPU
		{9B2DEAE7-D001-493C-A776-0367C90BB56C}.Release|Any CPU.Build.0 = Release|Any CPU
		{9B2DEAE7-D001-493C-A776-0367C90BB56C}.Release|ARM.ActiveCfg = Release|Any CPU
		{9B2DEAE7-D001-493C-A776-0367C90BB56C}.Release|ARM.Build.0 = Release|Any CPU
		{9B2DEAE7-D001-493C-A776-0367C90BB56C}.Release|ARM64.ActiveCfg = Release|Any CPU
		{9B2DEAE7-D001-493C-A776-0367C90BB56C}.Release|ARM64.Build.0 = Release|Any CPU
		{9B2DEAE7-D001-493C-A776-0367C90BB56C}.Release|x64.ActiveCfg = Release|Any CPU
		{9B2DEAE7-D001-493C-A776-0367C90BB56C}.Release|x64.Build.0 = Release|Any CPU
		{9B2DEAE7-D001-493C-A776-0367C90BB56C}.Release|x86.ActiveCfg = Release|Any CPU
		{9B2DEAE7-D001-493C-A776-0367C90BB56C}.Release|x86.Build.0 = Release|Any CPU
	EndGlobalSection
	GlobalSection(SolutionProperties) = preSolution
		HideSolutionNode = FALSE
	EndGlobalSection
	GlobalSection(ExtensibilityGlobals) = postSolution
		SolutionGuid = {C326311B-81A2-40A8-AD1B-6F6FBEA19477}
	EndGlobalSection
EndGlobal
